
Microsoft Visual Studio Solution File, Format Version 12.00
# Visual Studio Version 16
VisualStudioVersion = 16.0.30907.101
MinimumVisualStudioVersion = 10.0.40219.1
Project("{FAE04EC0-301F-11D3-BF4B-00C04F79EFBC}") = "CreativeMinds.TemporaryEmailDomains", "CreativeMinds.TemporaryEmailDomains\CreativeMinds.TemporaryEmailDomains.csproj", "{8A592128-5FEB-4F04-9FB8-4D9D5A45CC08}"
EndProject
Global
	GlobalSection(SolutionConfigurationPlatforms) = preSolution
		Debug|Any CPU = Debug|Any CPU
		Release|Any CPU = Release|Any CPU
	EndGlobalSection
	GlobalSection(ProjectConfigurationPlatforms) = postSolution
		{8A592128-5FEB-4F04-9FB8-4D9D5A45CC08}.Debug|Any CPU.ActiveCfg = Debug|Any CPU
		{8A592128-5FEB-4F04-9FB8-4D9D5A45CC08}.Debug|Any CPU.Build.0 = Debug|Any CPU
		{8A592128-5FEB-4F04-9FB8-4D9D5A45CC08}.Release|Any CPU.ActiveCfg = Release|Any CPU
		{8A592128-5FEB-4F04-9FB8-4D9D5A45CC08}.Release|Any CPU.Build.0 = Release|Any CPU
	EndGlobalSection
	GlobalSection(SolutionProperties) = preSolution
		HideSolutionNode = FALSE
	EndGlobalSection
	GlobalSection(ExtensibilityGlobals) = postSolution
		SolutionGuid = {CDDBD2F9-0AC8-4AB5-BA52-1BD8C5CB9D22}
	EndGlobalSection
EndGlobal
